
Microsoft Visual Studio Solution File, Format Version 12.00
# Visual Studio 2013
VisualStudioVersion = 12.0.31101.0
MinimumVisualStudioVersion = 10.0.40219.1
Project("{FAE04EC0-301F-11D3-BF4B-00C04F79EFBC}") = "YptPedalLauncher", "YptPedalLauncher\YptPedalLauncher.csproj", "{FEA5C5F4-9AA7-43A8-8458-0F40695B98B5}"
EndProject
Global
	GlobalSection(SolutionConfigurationPlatforms) = preSolution
		Debug|Any CPU = Debug|Any CPU
		Release|Any CPU = Release|Any CPU
	EndGlobalSection
	GlobalSection(ProjectConfigurationPlatforms) = postSolution
		{FEA5C5F4-9AA7-43A8-8458-0F40695B98B5}.Debug|Any CPU.ActiveCfg = Debug|Any CPU
		{FEA5C5F4-9AA7-43A8-8458-0F40695B98B5}.Debug|Any CPU.Build.0 = Debug|Any CPU
		{FEA5C5F4-9AA7-43A8-8458-0F40695B98B5}.Release|Any CPU.ActiveCfg = Release|Any CPU
		{FEA5C5F4-9AA7-43A8-8458-0F40695B98B5}.Release|Any CPU.Build.0 = Release|Any CPU
	EndGlobalSection
	GlobalSection(SolutionProperties) = preSolution
		HideSolutionNode = FALSE
	EndGlobalSection
EndGlobal
